{
  "name": "Synthesized_Intelligence_Project",
  "lockfileVersion": 3,
  "requires": true,
  "packages": {
    "": {
      "dependencies": {
        "@huggingface/inference": "^4.8.0"
      }
    },
    "node_modules/@huggingface/inference": {
      "version": "4.8.0",
      "resolved": "https://registry.npmjs.org/@huggingface/inference/-/inference-4.8.0.tgz",
      "integrity": "sha512-Eq98EAXqYn4rKMfrbEXuhc3IjKfaeIO6eXNOZk9xk6v5akrIWRtd6d1h0fjAWyX4zRbdUpXRh6MvsqXnzGvXCA==",
      "license": "MIT",
      "dependencies": {
        "@huggingface/jinja": "^0.5.1",
        "@huggingface/tasks": "^0.19.45"
      },
      "engines": {
        "node": ">=18"
      }
    },
    "node_modules/@huggingface/jinja": {
      "version": "0.5.1",
      "resolved": "https://registry.npmjs.org/@huggingface/jinja/-/jinja-0.5.1.tgz",
      "integrity": "sha512-yUZLld4lrM9iFxHCwFQ7D1HW2MWMwSbeB7WzWqFYDWK+rEb+WldkLdAJxUPOmgICMHZLzZGVcVjFh3w/YGubng==",
      "license": "MIT",
      "engines": {
        "node": ">=18"
      }
    },
    "node_modules/@huggingface/tasks": {
      "version": "0.19.47",
      "resolved": "https://registry.npmjs.org/@huggingface/tasks/-/tasks-0.19.47.tgz",
      "integrity": "sha512-YI+DKLpWQGNpIBkOCTcv3nIoCi3USpUPyfRu0IfMEi2Do0q6r5pQPfy+GWhQFZEPCHsxOwoc8S8hPmmejeK9Cg==",
      "license": "MIT"
    }
  }
}
